
Microsoft Visual Studio Solution File, Format Version 12.00
# Visual Studio Version 17
VisualStudioVersion = 17.2.32516.85
MinimumVisualStudioVersion = 10.0.40219.1
Project("{9A19103F-16F7-4668-BE54-9A1E7A4F7556}") = "ExcelFormLuiza", "ExcelFormLuiza.csproj", "{5A30797C-7062-4BAD-A639-8C8DDCAF5E63}"
EndProject
Project("{2150E333-8FDC-42A3-9474-1A3956D46DE8}") = "1 - App", "1 - App", "{8A0470FD-56F9-4159-9CEF-8AA40A1F04F6}"
EndProject
Global
	GlobalSection(SolutionConfigurationPlatforms) = preSolution
		Debug|Any CPU = Debug|Any CPU
		Release|Any CPU = Release|Any CPU
	EndGlobalSection
	GlobalSection(ProjectConfigurationPlatforms) = postSolution
		{5A30797C-7062-4BAD-A639-8C8DDCAF5E63}.Debug|Any CPU.ActiveCfg = Debug|Any CPU
		{5A30797C-7062-4BAD-A639-8C8DDCAF5E63}.Debug|Any CPU.Build.0 = Debug|Any CPU
		{5A30797C-7062-4BAD-A639-8C8DDCAF5E63}.Release|Any CPU.ActiveCfg = Release|Any CPU
		{5A30797C-7062-4BAD-A639-8C8DDCAF5E63}.Release|Any CPU.Build.0 = Release|Any CPU
	EndGlobalSection
	GlobalSection(SolutionProperties) = preSolution
		HideSolutionNode = FALSE
	EndGlobalSection
	GlobalSection(NestedProjects) = preSolution
		{5A30797C-7062-4BAD-A639-8C8DDCAF5E63} = {8A0470FD-56F9-4159-9CEF-8AA40A1F04F6}
	EndGlobalSection
	GlobalSection(ExtensibilityGlobals) = postSolution
		SolutionGuid = {9862EA41-9E7A-4E94-8291-896B9BA0487B}
	EndGlobalSection
EndGlobal
