
Microsoft Visual Studio Solution File, Format Version 12.00
# Visual Studio Version 17
VisualStudioVersion = 17.2.32516.85
MinimumVisualStudioVersion = 10.0.40219.1
Project("{9A19103F-16F7-4668-BE54-9A1E7A4F7556}") = "MinhaPrimeiraAPI2", "MinhaPrimeiraAPI2.csproj", "{64316273-1C2D-47CE-A613-588EB0F23C0E}"
EndProject
Project("{2150E333-8FDC-42A3-9474-1A3956D46DE8}") = "1 - Application", "1 - Application", "{3F6E12FC-A8AB-4619-981E-7F40A979AF83}"
EndProject
Project("{2150E333-8FDC-42A3-9474-1A3956D46DE8}") = "2 - Domain", "2 - Domain", "{45D70818-09B9-4AB3-86E2-ABF321D66E87}"
EndProject
Project("{2150E333-8FDC-42A3-9474-1A3956D46DE8}") = "3 - Infra", "3 - Infra", "{0137BA5B-7592-4D45-86BB-D058606347EC}"
EndProject
Project("{FAE04EC0-301F-11D3-BF4B-00C04F79EFBC}") = "Domain.Fornecedores", "..\Domain.Fornecedores\Domain.Fornecedores.csproj", "{CAEE8F45-6B54-46FF-A461-5A5124211CDB}"
EndProject
Project("{FAE04EC0-301F-11D3-BF4B-00C04F79EFBC}") = "Portal.Repository", "..\Portal.Repository\Portal.Repository.csproj", "{FECA2F93-D0A3-4A0B-A4FD-E7C766F50C42}"
EndProject
Global
	GlobalSection(SolutionConfigurationPlatforms) = preSolution
		Debug|Any CPU = Debug|Any CPU
		Release|Any CPU = Release|Any CPU
	EndGlobalSection
	GlobalSection(ProjectConfigurationPlatforms) = postSolution
		{64316273-1C2D-47CE-A613-588EB0F23C0E}.Debug|Any CPU.ActiveCfg = Debug|Any CPU
		{64316273-1C2D-47CE-A613-588EB0F23C0E}.Debug|Any CPU.Build.0 = Debug|Any CPU
		{64316273-1C2D-47CE-A613-588EB0F23C0E}.Release|Any CPU.ActiveCfg = Release|Any CPU
		{64316273-1C2D-47CE-A613-588EB0F23C0E}.Release|Any CPU.Build.0 = Release|Any CPU
		{CAEE8F45-6B54-46FF-A461-5A5124211CDB}.Debug|Any CPU.ActiveCfg = Debug|Any CPU
		{CAEE8F45-6B54-46FF-A461-5A5124211CDB}.Debug|Any CPU.Build.0 = Debug|Any CPU
		{CAEE8F45-6B54-46FF-A461-5A5124211CDB}.Release|Any CPU.ActiveCfg = Release|Any CPU
		{CAEE8F45-6B54-46FF-A461-5A5124211CDB}.Release|Any CPU.Build.0 = Release|Any CPU
		{FECA2F93-D0A3-4A0B-A4FD-E7C766F50C42}.Debug|Any CPU.ActiveCfg = Debug|Any CPU
		{FECA2F93-D0A3-4A0B-A4FD-E7C766F50C42}.Debug|Any CPU.Build.0 = Debug|Any CPU
		{FECA2F93-D0A3-4A0B-A4FD-E7C766F50C42}.Release|Any CPU.ActiveCfg = Release|Any CPU
		{FECA2F93-D0A3-4A0B-A4FD-E7C766F50C42}.Release|Any CPU.Build.0 = Release|Any CPU
	EndGlobalSection
	GlobalSection(SolutionProperties) = preSolution
		HideSolutionNode = FALSE
	EndGlobalSection
	GlobalSection(NestedProjects) = preSolution
		{64316273-1C2D-47CE-A613-588EB0F23C0E} = {3F6E12FC-A8AB-4619-981E-7F40A979AF83}
		{CAEE8F45-6B54-46FF-A461-5A5124211CDB} = {45D70818-09B9-4AB3-86E2-ABF321D66E87}
		{FECA2F93-D0A3-4A0B-A4FD-E7C766F50C42} = {0137BA5B-7592-4D45-86BB-D058606347EC}
	EndGlobalSection
	GlobalSection(ExtensibilityGlobals) = postSolution
		SolutionGuid = {680C613C-E570-4192-AE40-14B4BE64F7B9}
	EndGlobalSection
EndGlobal
