
Microsoft Visual Studio Solution File, Format Version 12.00
# Visual Studio Version 17
VisualStudioVersion = 17.2.32516.85
MinimumVisualStudioVersion = 10.0.40219.1
Project("{2150E333-8FDC-42A3-9474-1A3956D46DE8}") = "src", "src", "{FB847E91-7BF5-451C-90F6-962D4EC1F93C}"
EndProject
Project("{2150E333-8FDC-42A3-9474-1A3956D46DE8}") = "Building Blocks", "Building Blocks", "{C41E685F-E65C-43ED-BB64-27BBC2037296}"
EndProject
Project("{2150E333-8FDC-42A3-9474-1A3956D46DE8}") = "Services", "Services", "{D419F978-93A1-4EC6-86CA-D7C992BFEDC7}"
EndProject
Project("{2150E333-8FDC-42A3-9474-1A3956D46DE8}") = "Web", "Web", "{B72DDA9A-5E56-49E2-914C-9551A596E7F2}"
EndProject
Project("{2150E333-8FDC-42A3-9474-1A3956D46DE8}") = "Identidade", "Identidade", "{CD85DFB1-7EA6-450C-9E9E-91A16759F273}"
EndProject
Project("{FAE04EC0-301F-11D3-BF4B-00C04F79EFBC}") = "NSE.Identidade.API", "src\services\NSE.Identidade.API\NSE.Identidade.API.csproj", "{A51E7466-5C19-4B94-B9CC-CB98B246761C}"
EndProject
Project("{2150E333-8FDC-42A3-9474-1A3956D46DE8}") = "MVC", "MVC", "{B9D029D6-DB98-478E-AC9A-86024614A905}"
EndProject
Project("{FAE04EC0-301F-11D3-BF4B-00C04F79EFBC}") = "NSE.WebApp.MVC", "src\web\NSE.WebApp.MVC\NSE.WebApp.MVC.csproj", "{E5564AD4-7F0D-4DD9-B729-98BA7B7C72F2}"
EndProject
Project("{2150E333-8FDC-42A3-9474-1A3956D46DE8}") = "Core", "Core", "{DC54694F-D847-4C07-AE33-1E3E3E2081B8}"
EndProject
Project("{FAE04EC0-301F-11D3-BF4B-00C04F79EFBC}") = "NSE.Core", "src\building blocks\NSE.Core\NSE.Core.csproj", "{FDBA562C-21BE-4A74-940B-818BC1299BFB}"
EndProject
Project("{2150E333-8FDC-42A3-9474-1A3956D46DE8}") = "Carrinho", "Carrinho", "{3E31398F-FEFC-4A57-8864-605641C4D1FB}"
EndProject
Project("{2150E333-8FDC-42A3-9474-1A3956D46DE8}") = "Catalogo", "Catalogo", "{B69B891C-6935-48D3-B6DD-665C3DC61034}"
EndProject
Project("{2150E333-8FDC-42A3-9474-1A3956D46DE8}") = "Cliente", "Cliente", "{1BC5CD1A-F53D-495F-A25C-8C5FD95DC404}"
EndProject
Project("{2150E333-8FDC-42A3-9474-1A3956D46DE8}") = "Pagamento", "Pagamento", "{8D2A433F-104E-4B91-B8EB-040E5437096B}"
EndProject
Project("{2150E333-8FDC-42A3-9474-1A3956D46DE8}") = "Pedido", "Pedido", "{488C09F7-270D-4C5E-AE96-1DF4D717D2F6}"
EndProject
Project("{FAE04EC0-301F-11D3-BF4B-00C04F79EFBC}") = "NSE.Carrinho.API", "src\services\NSE.Carrinho.API\NSE.Carrinho.API.csproj", "{23CFA5E0-181A-4ED8-9884-4C90E537B3C2}"
EndProject
Project("{FAE04EC0-301F-11D3-BF4B-00C04F79EFBC}") = "NSE.Catalogo.API", "src\services\NSE.Catalogo.API\NSE.Catalogo.API.csproj", "{9D0250F8-6843-4018-8826-A4951FC91298}"
EndProject
Project("{FAE04EC0-301F-11D3-BF4B-00C04F79EFBC}") = "NSE.Cliente.API", "src\services\NSE.Cliente.API\NSE.Cliente.API.csproj", "{D451B74D-0782-43AC-ADBE-F8F817E15EB2}"
EndProject
Project("{FAE04EC0-301F-11D3-BF4B-00C04F79EFBC}") = "NSE.Pagamento.API", "src\services\NSE.Pagamento.API\NSE.Pagamento.API.csproj", "{F7820A63-44D1-4FA1-A8B0-5D9C953D76A9}"
EndProject
Project("{FAE04EC0-301F-11D3-BF4B-00C04F79EFBC}") = "NSE.Pedido.API", "src\services\NSE.Pedido.API\NSE.Pedido.API.csproj", "{FB9EA4CB-7010-4846-BF99-596677A33F15}"
EndProject
Global
	GlobalSection(SolutionConfigurationPlatforms) = preSolution
		Debug|Any CPU = Debug|Any CPU
		Release|Any CPU = Release|Any CPU
	EndGlobalSection
	GlobalSection(ProjectConfigurationPlatforms) = postSolution
		{A51E7466-5C19-4B94-B9CC-CB98B246761C}.Debug|Any CPU.ActiveCfg = Debug|Any CPU
		{A51E7466-5C19-4B94-B9CC-CB98B246761C}.Debug|Any CPU.Build.0 = Debug|Any CPU
		{A51E7466-5C19-4B94-B9CC-CB98B246761C}.Release|Any CPU.ActiveCfg = Release|Any CPU
		{A51E7466-5C19-4B94-B9CC-CB98B246761C}.Release|Any CPU.Build.0 = Release|Any CPU
		{E5564AD4-7F0D-4DD9-B729-98BA7B7C72F2}.Debug|Any CPU.ActiveCfg = Debug|Any CPU
		{E5564AD4-7F0D-4DD9-B729-98BA7B7C72F2}.Debug|Any CPU.Build.0 = Debug|Any CPU
		{E5564AD4-7F0D-4DD9-B729-98BA7B7C72F2}.Release|Any CPU.ActiveCfg = Release|Any CPU
		{E5564AD4-7F0D-4DD9-B729-98BA7B7C72F2}.Release|Any CPU.Build.0 = Release|Any CPU
		{FDBA562C-21BE-4A74-940B-818BC1299BFB}.Debug|Any CPU.ActiveCfg = Debug|Any CPU
		{FDBA562C-21BE-4A74-940B-818BC1299BFB}.Debug|Any CPU.Build.0 = Debug|Any CPU
		{FDBA562C-21BE-4A74-940B-818BC1299BFB}.Release|Any CPU.ActiveCfg = Release|Any CPU
		{FDBA562C-21BE-4A74-940B-818BC1299BFB}.Release|Any CPU.Build.0 = Release|Any CPU
		{23CFA5E0-181A-4ED8-9884-4C90E537B3C2}.Debug|Any CPU.ActiveCfg = Debug|Any CPU
		{23CFA5E0-181A-4ED8-9884-4C90E537B3C2}.Debug|Any CPU.Build.0 = Debug|Any CPU
		{23CFA5E0-181A-4ED8-9884-4C90E537B3C2}.Release|Any CPU.ActiveCfg = Release|Any CPU
		{23CFA5E0-181A-4ED8-9884-4C90E537B3C2}.Release|Any CPU.Build.0 = Release|Any CPU
		{9D0250F8-6843-4018-8826-A4951FC91298}.Debug|Any CPU.ActiveCfg = Debug|Any CPU
		{9D0250F8-6843-4018-8826-A4951FC91298}.Debug|Any CPU.Build.0 = Debug|Any CPU
		{9D0250F8-6843-4018-8826-A4951FC91298}.Release|Any CPU.ActiveCfg = Release|Any CPU
		{9D0250F8-6843-4018-8826-A4951FC91298}.Release|Any CPU.Build.0 = Release|Any CPU
		{D451B74D-0782-43AC-ADBE-F8F817E15EB2}.Debug|Any CPU.ActiveCfg = Debug|Any CPU
		{D451B74D-0782-43AC-ADBE-F8F817E15EB2}.Debug|Any CPU.Build.0 = Debug|Any CPU
		{D451B74D-0782-43AC-ADBE-F8F817E15EB2}.Release|Any CPU.ActiveCfg = Release|Any CPU
		{D451B74D-0782-43AC-ADBE-F8F817E15EB2}.Release|Any CPU.Build.0 = Release|Any CPU
		{F7820A63-44D1-4FA1-A8B0-5D9C953D76A9}.Debug|Any CPU.ActiveCfg = Debug|Any CPU
		{F7820A63-44D1-4FA1-A8B0-5D9C953D76A9}.Debug|Any CPU.Build.0 = Debug|Any CPU
		{F7820A63-44D1-4FA1-A8B0-5D9C953D76A9}.Release|Any CPU.ActiveCfg = Release|Any CPU
		{F7820A63-44D1-4FA1-A8B0-5D9C953D76A9}.Release|Any CPU.Build.0 = Release|Any CPU
		{FB9EA4CB-7010-4846-BF99-596677A33F15}.Debug|Any CPU.ActiveCfg = Debug|Any CPU
		{FB9EA4CB-7010-4846-BF99-596677A33F15}.Debug|Any CPU.Build.0 = Debug|Any CPU
		{FB9EA4CB-7010-4846-BF99-596677A33F15}.Release|Any CPU.ActiveCfg = Release|Any CPU
		{FB9EA4CB-7010-4846-BF99-596677A33F15}.Release|Any CPU.Build.0 = Release|Any CPU
	EndGlobalSection
	GlobalSection(SolutionProperties) = preSolution
		HideSolutionNode = FALSE
	EndGlobalSection
	GlobalSection(NestedProjects) = preSolution
		{C41E685F-E65C-43ED-BB64-27BBC2037296} = {FB847E91-7BF5-451C-90F6-962D4EC1F93C}
		{D419F978-93A1-4EC6-86CA-D7C992BFEDC7} = {FB847E91-7BF5-451C-90F6-962D4EC1F93C}
		{B72DDA9A-5E56-49E2-914C-9551A596E7F2} = {FB847E91-7BF5-451C-90F6-962D4EC1F93C}
		{CD85DFB1-7EA6-450C-9E9E-91A16759F273} = {D419F978-93A1-4EC6-86CA-D7C992BFEDC7}
		{A51E7466-5C19-4B94-B9CC-CB98B246761C} = {CD85DFB1-7EA6-450C-9E9E-91A16759F273}
		{B9D029D6-DB98-478E-AC9A-86024614A905} = {B72DDA9A-5E56-49E2-914C-9551A596E7F2}
		{E5564AD4-7F0D-4DD9-B729-98BA7B7C72F2} = {B9D029D6-DB98-478E-AC9A-86024614A905}
		{DC54694F-D847-4C07-AE33-1E3E3E2081B8} = {C41E685F-E65C-43ED-BB64-27BBC2037296}
		{FDBA562C-21BE-4A74-940B-818BC1299BFB} = {DC54694F-D847-4C07-AE33-1E3E3E2081B8}
		{3E31398F-FEFC-4A57-8864-605641C4D1FB} = {D419F978-93A1-4EC6-86CA-D7C992BFEDC7}
		{B69B891C-6935-48D3-B6DD-665C3DC61034} = {D419F978-93A1-4EC6-86CA-D7C992BFEDC7}
		{1BC5CD1A-F53D-495F-A25C-8C5FD95DC404} = {D419F978-93A1-4EC6-86CA-D7C992BFEDC7}
		{8D2A433F-104E-4B91-B8EB-040E5437096B} = {D419F978-93A1-4EC6-86CA-D7C992BFEDC7}
		{488C09F7-270D-4C5E-AE96-1DF4D717D2F6} = {D419F978-93A1-4EC6-86CA-D7C992BFEDC7}
		{23CFA5E0-181A-4ED8-9884-4C90E537B3C2} = {3E31398F-FEFC-4A57-8864-605641C4D1FB}
		{9D0250F8-6843-4018-8826-A4951FC91298} = {B69B891C-6935-48D3-B6DD-665C3DC61034}
		{D451B74D-0782-43AC-ADBE-F8F817E15EB2} = {1BC5CD1A-F53D-495F-A25C-8C5FD95DC404}
		{F7820A63-44D1-4FA1-A8B0-5D9C953D76A9} = {8D2A433F-104E-4B91-B8EB-040E5437096B}
		{FB9EA4CB-7010-4846-BF99-596677A33F15} = {488C09F7-270D-4C5E-AE96-1DF4D717D2F6}
	EndGlobalSection
	GlobalSection(ExtensibilityGlobals) = postSolution
		SolutionGuid = {C9CE68BC-2475-4346-B66A-50FF311D583A}
	EndGlobalSection
EndGlobal
